<Solution>
  <Folder Name="/Solution Items/">
    <File Path="Docker-Compose-Up.ps1" />
    <File Path="src/Directory.Packages.props" />
  </Folder>
  <Project Path="docker-compose.dcproj">
    <Build />
  </Project>
  <Project Path="src/HashiCorp.Vault.Api/HashiCorp.Vault.Api.csproj" />
</Solution>
